
Microsoft Visual Studio Solution File, Format Version 12.00
# Visual Studio Version 17
VisualStudioVersion = 17.2.32630.192
MinimumVisualStudioVersion = 10.0.40219.1
Project("{FAE04EC0-301F-11D3-BF4B-00C04F79EFBC}") = "NotesApp", "NotesApp\NotesApp.csproj", "{EAB65385-DDFC-4956-AC21-17687FAB99E3}"
EndProject
Global
	GlobalSection(SolutionConfigurationPlatforms) = preSolution
		Debug|Any CPU = Debug|Any CPU
		Release|Any CPU = Release|Any CPU
	EndGlobalSection
	GlobalSection(ProjectConfigurationPlatforms) = postSolution
		{EAB65385-DDFC-4956-AC21-17687FAB99E3}.Debug|Any CPU.ActiveCfg = Debug|Any CPU
		{EAB65385-DDFC-4956-AC21-17687FAB99E3}.Debug|Any CPU.Build.0 = Debug|Any CPU
		{EAB65385-DDFC-4956-AC21-17687FAB99E3}.Release|Any CPU.ActiveCfg = Release|Any CPU
		{EAB65385-DDFC-4956-AC21-17687FAB99E3}.Release|Any CPU.Build.0 = Release|Any CPU
	EndGlobalSection
	GlobalSection(SolutionProperties) = preSolution
		HideSolutionNode = FALSE
	EndGlobalSection
	GlobalSection(ExtensibilityGlobals) = postSolution
		SolutionGuid = {5E489F6F-0D2C-4BFB-905E-57C28D780E32}
	EndGlobalSection
EndGlobal
